
Microsoft Visual Studio Solution File, Format Version 12.00
# Visual Studio Version 17
VisualStudioVersion = 17.9.34902.65
MinimumVisualStudioVersion = 10.0.40219.1
Project("{9A19103F-16F7-4668-BE54-9A1E7A4F7556}") = "SiliconBackOffice", "SiliconBackOffice\SiliconBackOffice\SiliconBackOffice.csproj", "{289823F5-6ADD-45EE-9FF4-08AF2FEB3A22}"
EndProject
Project("{9A19103F-16F7-4668-BE54-9A1E7A4F7556}") = "SiliconBackOffice.Client", "SiliconBackOffice\SiliconBackOffice.Client\SiliconBackOffice.Client.csproj", "{5D70A5EC-1B8B-4156-9260-C48AE7CF3C61}"
EndProject
Project("{FAE04EC0-301F-11D3-BF4B-00C04F79EFBC}") = "SiliconBackOffice.Business", "SiliconBackOffice.Business\SiliconBackOffice.Business.csproj", "{6C2D7559-E52B-4D96-974D-7E6360458C16}"
EndProject
Global
	GlobalSection(SolutionConfigurationPlatforms) = preSolution
		Debug|Any CPU = Debug|Any CPU
		Release|Any CPU = Release|Any CPU
	EndGlobalSection
	GlobalSection(ProjectConfigurationPlatforms) = postSolution
		{289823F5-6ADD-45EE-9FF4-08AF2FEB3A22}.Debug|Any CPU.ActiveCfg = Debug|Any CPU
		{289823F5-6ADD-45EE-9FF4-08AF2FEB3A22}.Debug|Any CPU.Build.0 = Debug|Any CPU
		{289823F5-6ADD-45EE-9FF4-08AF2FEB3A22}.Release|Any CPU.ActiveCfg = Release|Any CPU
		{289823F5-6ADD-45EE-9FF4-08AF2FEB3A22}.Release|Any CPU.Build.0 = Release|Any CPU
		{5D70A5EC-1B8B-4156-9260-C48AE7CF3C61}.Debug|Any CPU.ActiveCfg = Debug|Any CPU
		{5D70A5EC-1B8B-4156-9260-C48AE7CF3C61}.Debug|Any CPU.Build.0 = Debug|Any CPU
		{5D70A5EC-1B8B-4156-9260-C48AE7CF3C61}.Release|Any CPU.ActiveCfg = Release|Any CPU
		{5D70A5EC-1B8B-4156-9260-C48AE7CF3C61}.Release|Any CPU.Build.0 = Release|Any CPU
		{6C2D7559-E52B-4D96-974D-7E6360458C16}.Debug|Any CPU.ActiveCfg = Debug|Any CPU
		{6C2D7559-E52B-4D96-974D-7E6360458C16}.Debug|Any CPU.Build.0 = Debug|Any CPU
		{6C2D7559-E52B-4D96-974D-7E6360458C16}.Release|Any CPU.ActiveCfg = Release|Any CPU
		{6C2D7559-E52B-4D96-974D-7E6360458C16}.Release|Any CPU.Build.0 = Release|Any CPU
	EndGlobalSection
	GlobalSection(SolutionProperties) = preSolution
		HideSolutionNode = FALSE
	EndGlobalSection
	GlobalSection(ExtensibilityGlobals) = postSolution
		SolutionGuid = {EEBC3AA4-BB18-423C-AD24-9EAC72F085E3}
	EndGlobalSection
EndGlobal
